
Microsoft Visual Studio Solution File, Format Version 12.00
# Visual Studio Version 17
VisualStudioVersion = 17.4.33103.184
MinimumVisualStudioVersion = 10.0.40219.1
Project("{FAE04EC0-301F-11D3-BF4B-00C04F79EFBC}") = "Windows Presentation Foundation Interface", "Windows Presentation Foundation Interface\Windows Presentation Foundation Interface.csproj", "{F9660096-910A-4078-B8BA-0B058F30196E}"
EndProject
Global
	GlobalSection(SolutionConfigurationPlatforms) = preSolution
		Debug|Any CPU = Debug|Any CPU
		Release|Any CPU = Release|Any CPU
	EndGlobalSection
	GlobalSection(ProjectConfigurationPlatforms) = postSolution
		{F9660096-910A-4078-B8BA-0B058F30196E}.Debug|Any CPU.ActiveCfg = Debug|Any CPU
		{F9660096-910A-4078-B8BA-0B058F30196E}.Debug|Any CPU.Build.0 = Debug|Any CPU
		{F9660096-910A-4078-B8BA-0B058F30196E}.Release|Any CPU.ActiveCfg = Release|Any CPU
		{F9660096-910A-4078-B8BA-0B058F30196E}.Release|Any CPU.Build.0 = Release|Any CPU
	EndGlobalSection
	GlobalSection(SolutionProperties) = preSolution
		HideSolutionNode = FALSE
	EndGlobalSection
	GlobalSection(ExtensibilityGlobals) = postSolution
		SolutionGuid = {771AE83C-946B-4EEA-8457-283709E41859}
	EndGlobalSection
EndGlobal
